<Solution>
  <Project Path="izvorni kod/PrezentacioniSloj/PrezentacioniSloj.csproj" />
  <Project Path="izvorni kod/SlojPodataka/SlojPodataka.csproj" />
  <Project Path="izvorni kod/SlojPoslovneLogike/SlojPoslovneLogike.csproj" />
  <Project Path="izvorni kod/SlojServisa/SlojServisa.csproj" />
</Solution>
